
Microsoft Visual Studio Solution File, Format Version 12.00
# Visual Studio Version 17
VisualStudioVersion = 17.0.31512.422
MinimumVisualStudioVersion = 10.0.40219.1
Project("{FAE04EC0-301F-11D3-BF4B-00C04F79EFBC}") = "rmdupdir", "rmdupdir.csproj", "{F538EEF8-A18D-47BB-BFE3-CBAF732FD702}"
EndProject
Global
	GlobalSection(SolutionConfigurationPlatforms) = preSolution
		Debug|Any CPU = Debug|Any CPU
		Release|Any CPU = Release|Any CPU
	EndGlobalSection
	GlobalSection(ProjectConfigurationPlatforms) = postSolution
		{F538EEF8-A18D-47BB-BFE3-CBAF732FD702}.Debug|Any CPU.ActiveCfg = Debug|Any CPU
		{F538EEF8-A18D-47BB-BFE3-CBAF732FD702}.Debug|Any CPU.Build.0 = Debug|Any CPU
		{F538EEF8-A18D-47BB-BFE3-CBAF732FD702}.Release|Any CPU.ActiveCfg = Release|Any CPU
		{F538EEF8-A18D-47BB-BFE3-CBAF732FD702}.Release|Any CPU.Build.0 = Release|Any CPU
	EndGlobalSection
	GlobalSection(SolutionProperties) = preSolution
		HideSolutionNode = FALSE
	EndGlobalSection
	GlobalSection(ExtensibilityGlobals) = postSolution
		SolutionGuid = {48239CE4-8C12-40BD-BB02-32DBC6083C31}
	EndGlobalSection
EndGlobal
